
Microsoft Visual Studio Solution File, Format Version 12.00
# Visual Studio 15
VisualStudioVersion = 15.0.26730.10
MinimumVisualStudioVersion = 10.0.40219.1
Project("{FAE04EC0-301F-11D3-BF4B-00C04F79EFBC}") = "GAEM-PseudoETWToNeo4jImport", "PseudoETWToNeo4jImport\GAEM-PseudoETWToNeo4jImport.csproj", "{BE59E683-234E-4BF7-944C-152114A33159}"
EndProject
Global
	GlobalSection(SolutionConfigurationPlatforms) = preSolution
		Debug|Any CPU = Debug|Any CPU
		Release|Any CPU = Release|Any CPU
	EndGlobalSection
	GlobalSection(ProjectConfigurationPlatforms) = postSolution
		{BE59E683-234E-4BF7-944C-152114A33159}.Debug|Any CPU.ActiveCfg = Debug|Any CPU
		{BE59E683-234E-4BF7-944C-152114A33159}.Debug|Any CPU.Build.0 = Debug|Any CPU
		{BE59E683-234E-4BF7-944C-152114A33159}.Release|Any CPU.ActiveCfg = Release|Any CPU
		{BE59E683-234E-4BF7-944C-152114A33159}.Release|Any CPU.Build.0 = Release|Any CPU
	EndGlobalSection
	GlobalSection(SolutionProperties) = preSolution
		HideSolutionNode = FALSE
	EndGlobalSection
	GlobalSection(ExtensibilityGlobals) = postSolution
		SolutionGuid = {176E2D06-94D6-42B9-857A-5391BD27A55F}
	EndGlobalSection
EndGlobal
